<Solution>
  <Project Path="AttributeParser.Benchmarks/AttributeParser.Benchmarks.csproj" />
  <Project Path="AttributeParser.SampleCode/AttributeParser.SampleCode.csproj" />
  <Project Path="AttributeParser.SourceGenerator/AttributeParser.SourceGenerator.csproj" />
  <Project Path="AttributeParser.TestInfrastructure/AttributeParser.TestInfrastructure.csproj" />
  <Project Path="AttributeParser.Tests/AttributeParser.Tests.csproj" />
  <Project Path="AttributeParser/AttributeParser.csproj" />
</Solution>
